// !$*UTF8*$!
{
	archiveVersion = 1;
	classes = {
	};
	objectVersion = 55;
	objects = {

/* Begin PBXBuildFile section */
		273A82EE28918F4700ABF1A8 /* CarsCollectionViewController.m in Sources */ = {isa = PBXBuildFile; fileRef = 273A82ED28918F4700ABF1A8 /* CarsCollectionViewController.m */; };
		273A82F1289190A300ABF1A8 /* CarsCollectionViewCell.m in Sources */ = {isa = PBXBuildFile; fileRef = 273A82F0289190A300ABF1A8 /* CarsCollectionViewCell.m */; };
		277F6579287BF7690086C383 /* AppDelegate.m in Sources */ = {isa = PBXBuildFile; fileRef = 277F6578287BF7690086C383 /* AppDelegate.m */; };
		277F657C287BF7690086C383 /* SceneDelegate.m in Sources */ = {isa = PBXBuildFile; fileRef = 277F657B287BF7690086C383 /* SceneDelegate.m */; };
		277F657F287BF7690086C383 /* CarViewController.m in Sources */ = {isa = PBXBuildFile; fileRef = 277F657E287BF7690086C383 /* CarViewController.m */; };
		277F6582287BF7690086C383 /* Main.storyboard in Resources */ = {isa = PBXBuildFile; fileRef = 277F6580287BF7690086C383 /* Main.storyboard */; };
		277F6584287BF76A0086C383 /* Assets.xcassets in Resources */ = {isa = PBXBuildFile; fileRef = 277F6583287BF76A0086C383 /* Assets.xcassets */; };
		277F6587287BF76A0086C383 /* LaunchScreen.storyboard in Resources */ = {isa = PBXBuildFile; fileRef = 277F6585287BF76A0086C383 /* LaunchScreen.storyboard */; };
		277F658A287BF76A0086C383 /* main.m in Sources */ = {isa = PBXBuildFile; fileRef = 277F6589287BF76A0086C383 /* main.m */; };
		277F6594287BF76B0086C383 /* TopCarsXTests.m in Sources */ = {isa = PBXBuildFile; fileRef = 277F6593287BF76B0086C383 /* TopCarsXTests.m */; };
		277F659E287BF76B0086C383 /* TopCarsXUITests.m in Sources */ = {isa = PBXBuildFile; fileRef = 277F659D287BF76B0086C383 /* TopCarsXUITests.m */; };
		277F65A0287BF76B0086C383 /* TopCarsXUITestsLaunchTests.m in Sources */ = {isa = PBXBuildFile; fileRef = 277F659F287BF76B0086C383 /* TopCarsXUITestsLaunchTests.m */; };
		277F65B2287C27E30086C383 /* GoogleService-Info.plist in Resources */ = {isa = PBXBuildFile; fileRef = 277F65B1287C27E30086C383 /* GoogleService-Info.plist */; };
		27A3EAA12892E3850081E215 /* User.m in Sources */ = {isa = PBXBuildFile; fileRef = 27A3EAA02892E3850081E215 /* User.m */; };
		27A3EAA72892ED160081E215 /* UserTableViewController.m in Sources */ = {isa = PBXBuildFile; fileRef = 27A3EAA62892ED160081E215 /* UserTableViewController.m */; };
		27B0C7262895313700A16A3B /* CarDetailsTableViewController.m in Sources */ = {isa = PBXBuildFile; fileRef = 27B0C7252895313700A16A3B /* CarDetailsTableViewController.m */; };
		27B66995288D7C640067EF2B /* Car.m in Sources */ = {isa = PBXBuildFile; fileRef = 27B66994288D7C640067EF2B /* Car.m */; };
		27B6699B288DA7BE0067EF2B /* CarsTableViewController.m in Sources */ = {isa = PBXBuildFile; fileRef = 27B6699A288DA7BE0067EF2B /* CarsTableViewController.m */; };
		27B6699E288DAFE00067EF2B /* CarsTableViewCell.m in Sources */ = {isa = PBXBuildFile; fileRef = 27B6699D288DAFE00067EF2B /* CarsTableViewCell.m */; };
		A8CC9D763FCB37BF4964615D /* Pods_TopCarsX.framework in Frameworks */ = {isa = PBXBuildFile; fileRef = ECFE7E94D60B6D162D7283FB /* Pods_TopCarsX.framework */; };
		AF2B9DA8F3C373B3D8D16D9E /* Pods_TopCarsXTests.framework in Frameworks */ = {isa = PBXBuildFile; fileRef = 5FAC3CEEDC44E20D0DC691AC /* Pods_TopCarsXTests.framework */; };
		DA34F1C319A522753D41D1A4 /* Pods_TopCarsX_TopCarsXUITests.framework in Frameworks */ = {isa = PBXBuildFile; fileRef = 68FD7C71736608D7FB7DE4D6 /* Pods_TopCarsX_TopCarsXUITests.framework */; };
/* End PBXBuildFile section */

/* Begin PBXContainerItemProxy section */
		277F6590287BF76B0086C383 /* PBXContainerItemProxy */ = {
			isa = PBXContainerItemProxy;
			containerPortal = 277F656C287BF7690086C383 /* Project object */;
			proxyType = 1;
			remoteGlobalIDString = 277F6573287BF7690086C383;
			remoteInfo = TopCarsX;
		};
		277F659A287BF76B0086C383 /* PBXContainerItemProxy */ = {
			isa = PBXContainerItemProxy;
			containerPortal = 277F656C287BF7690086C383 /* Project object */;
			proxyType = 1;
			remoteGlobalIDString = 277F6573287BF7690086C383;
			remoteInfo = TopCarsX;
		};
/* End PBXContainerItemProxy section */

/* Begin PBXFileReference section */
		06AE533A2289968D0CC2B00E /* Pods-TopCarsX-TopCarsXUITests.release.xcconfig */ = {isa = PBXFileReference; includeInIndex = 1; lastKnownFileType = text.xcconfig; name = "Pods-TopCarsX-TopCarsXUITests.release.xcconfig"; path = "Target Support Files/Pods-TopCarsX-TopCarsXUITests/Pods-TopCarsX-TopCarsXUITests.release.xcconfig"; sourceTree = "<group>"; };
		0FD0AAF5680EE65EA7EA1994 /* Pods-TopCarsXTests.debug.xcconfig */ = {isa = PBXFileReference; includeInIndex = 1; lastKnownFileType = text.xcconfig; name = "Pods-TopCarsXTests.debug.xcconfig"; path = "Target Support Files/Pods-TopCarsXTests/Pods-TopCarsXTests.debug.xcconfig"; sourceTree = "<group>"; };
		273A82EC28918F4700ABF1A8 /* CarsCollectionViewController.h */ = {isa = PBXFileReference; lastKnownFileType = sourcecode.c.h; path = CarsCollectionViewController.h; sourceTree = "<group>"; };
		273A82ED28918F4700ABF1A8 /* CarsCollectionViewController.m */ = {isa = PBXFileReference; lastKnownFileType = sourcecode.c.objc; path = CarsCollectionViewController.m; sourceTree = "<group>"; };
		273A82EF289190A300ABF1A8 /* CarsCollectionViewCell.h */ = {isa = PBXFileReference; lastKnownFileType = sourcecode.c.h; path = CarsCollectionViewCell.h; sourceTree = "<group>"; };
		273A82F0289190A300ABF1A8 /* CarsCollectionViewCell.m */ = {isa = PBXFileReference; lastKnownFileType = sourcecode.c.objc; path = CarsCollectionViewCell.m; sourceTree = "<group>"; };
		277F6574287BF7690086C383 /* TopCarsX.app */ = {isa = PBXFileReference; explicitFileType = wrapper.application; includeInIndex = 0; path = TopCarsX.app; sourceTree = BUILT_PRODUCTS_DIR; };
		277F6577287BF7690086C383 /* AppDelegate.h */ = {isa = PBXFileReference; lastKnownFileType = sourcecode.c.h; path = AppDelegate.h; sourceTree = "<group>"; };
		277F6578287BF7690086C383 /* AppDelegate.m */ = {isa = PBXFileReference; lastKnownFileType = sourcecode.c.objc; path = AppDelegate.m; sourceTree = "<group>"; };
		277F657A287BF7690086C383 /* SceneDelegate.h */ = {isa = PBXFileReference; lastKnownFileType = sourcecode.c.h; path = SceneDelegate.h; sourceTree = "<group>"; };
		277F657B287BF7690086C383 /* SceneDelegate.m */ = {isa = PBXFileReference; lastKnownFileType = sourcecode.c.objc; path = SceneDelegate.m; sourceTree = "<group>"; };
		277F657D287BF7690086C383 /* CarViewController.h */ = {isa = PBXFileReference; lastKnownFileType = sourcecode.c.h; path = CarViewController.h; sourceTree = "<group>"; };
		277F657E287BF7690086C383 /* CarViewController.m */ = {isa = PBXFileReference; lastKnownFileType = sourcecode.c.objc; path = CarViewController.m; sourceTree = "<group>"; };
		277F6581287BF7690086C383 /* Base */ = {isa = PBXFileReference; lastKnownFileType = file.storyboard; name = Base; path = Base.lproj/Main.storyboard; sourceTree = "<group>"; };
		277F6583287BF76A0086C383 /* Assets.xcassets */ = {isa = PBXFileReference; lastKnownFileType = folder.assetcatalog; path = Assets.xcassets; sourceTree = "<group>"; };
		277F6586287BF76A0086C383 /* Base */ = {isa = PBXFileReference; lastKnownFileType = file.storyboard; name = Base; path = Base.lproj/LaunchScreen.storyboard; sourceTree = "<group>"; };
		277F6588287BF76A0086C383 /* Info.plist */ = {isa = PBXFileReference; lastKnownFileType = text.plist.xml; path = Info.plist; sourceTree = "<group>"; };
		277F6589287BF76A0086C383 /* main.m */ = {isa = PBXFileReference; lastKnownFileType = sourcecode.c.objc; path = main.m; sourceTree = "<group>"; };
		277F658F287BF76B0086C383 /* TopCarsXTests.xctest */ = {isa = PBXFileReference; explicitFileType = wrapper.cfbundle; includeInIndex = 0; path = TopCarsXTests.xctest; sourceTree = BUILT_PRODUCTS_DIR; };
		277F6593287BF76B0086C383 /* TopCarsXTests.m */ = {isa = PBXFileReference; lastKnownFileType = sourcecode.c.objc; path = TopCarsXTests.m; sourceTree = "<group>"; };
		277F6599287BF76B0086C383 /* TopCarsXUITests.xctest */ = {isa = PBXFileReference; explicitFileType = wrapper.cfbundle; includeInIndex = 0; path = TopCarsXUITests.xctest; sourceTree = BUILT_PRODUCTS_DIR; };
		277F659D287BF76B0086C383 /* TopCarsXUITests.m */ = {isa = PBXFileReference; lastKnownFileType = sourcecode.c.objc; path = TopCarsXUITests.m; sourceTree = "<group>"; };
		277F659F287BF76B0086C383 /* TopCarsXUITestsLaunchTests.m */ = {isa = PBXFileReference; lastKnownFileType = sourcecode.c.objc; path = TopCarsXUITestsLaunchTests.m; sourceTree = "<group>"; };
		277F65B1287C27E30086C383 /* GoogleService-Info.plist */ = {isa = PBXFileReference; fileEncoding = 4; lastKnownFileType = text.plist.xml; path = "GoogleService-Info.plist"; sourceTree = "<group>"; };
		27A3EA9F2892E3850081E215 /* User.h */ = {isa = PBXFileReference; lastKnownFileType = sourcecode.c.h; path = User.h; sourceTree = "<group>"; };
		27A3EAA02892E3850081E215 /* User.m */ = {isa = PBXFileReference; lastKnownFileType = sourcecode.c.objc; path = User.m; sourceTree = "<group>"; };
		27A3EAA52892ED160081E215 /* UserTableViewController.h */ = {isa = PBXFileReference; lastKnownFileType = sourcecode.c.h; path = UserTableViewController.h; sourceTree = "<group>"; };
		27A3EAA62892ED160081E215 /* UserTableViewController.m */ = {isa = PBXFileReference; lastKnownFileType = sourcecode.c.objc; path = UserTableViewController.m; sourceTree = "<group>"; };
		27B0C7242895313700A16A3B /* CarDetailsTableViewController.h */ = {isa = PBXFileReference; lastKnownFileType = sourcecode.c.h; path = CarDetailsTableViewController.h; sourceTree = "<group>"; };
		27B0C7252895313700A16A3B /* CarDetailsTableViewController.m */ = {isa = PBXFileReference; lastKnownFileType = sourcecode.c.objc; path = CarDetailsTableViewController.m; sourceTree = "<group>"; };
		27B66993288D7C640067EF2B /* Car.h */ = {isa = PBXFileReference; lastKnownFileType = sourcecode.c.h; path = Car.h; sourceTree = "<group>"; };
		27B66994288D7C640067EF2B /* Car.m */ = {isa = PBXFileReference; lastKnownFileType = sourcecode.c.objc; path = Car.m; sourceTree = "<group>"; };
		27B66999288DA7BE0067EF2B /* CarsTableViewController.h */ = {isa = PBXFileReference; lastKnownFileType = sourcecode.c.h; path = CarsTableViewController.h; sourceTree = "<group>"; };
		27B6699A288DA7BE0067EF2B /* CarsTableViewController.m */ = {isa = PBXFileReference; lastKnownFileType = sourcecode.c.objc; path = CarsTableViewController.m; sourceTree = "<group>"; };
		27B6699C288DAFE00067EF2B /* CarsTableViewCell.h */ = {isa = PBXFileReference; lastKnownFileType = sourcecode.c.h; path = CarsTableViewCell.h; sourceTree = "<group>"; };
		27B6699D288DAFE00067EF2B /* CarsTableViewCell.m */ = {isa = PBXFileReference; lastKnownFileType = sourcecode.c.objc; path = CarsTableViewCell.m; sourceTree = "<group>"; };
		39A75ACBA14CD064D7927CFB /* Pods-TopCarsX.release.xcconfig */ = {isa = PBXFileReference; includeInIndex = 1; lastKnownFileType = text.xcconfig; name = "Pods-TopCarsX.release.xcconfig"; path = "Target Support Files/Pods-TopCarsX/Pods-TopCarsX.release.xcconfig"; sourceTree = "<group>"; };
		3C57CAC1B0C7A0950B70CE11 /* Pods-TopCarsX.debug.xcconfig */ = {isa = PBXFileReference; includeInIndex = 1; lastKnownFileType = text.xcconfig; name = "Pods-TopCarsX.debug.xcconfig"; path = "Target Support Files/Pods-TopCarsX/Pods-TopCarsX.debug.xcconfig"; sourceTree = "<group>"; };
		5FAC3CEEDC44E20D0DC691AC /* Pods_TopCarsXTests.framework */ = {isa = PBXFileReference; explicitFileType = wrapper.framework; includeInIndex = 0; path = Pods_TopCarsXTests.framework; sourceTree = BUILT_PRODUCTS_DIR; };
		6429987EB2770AF6C2177C82 /* Pods-TopCarsXTests.release.xcconfig */ = {isa = PBXFileReference; includeInIndex = 1; lastKnownFileType = text.xcconfig; name = "Pods-TopCarsXTests.release.xcconfig"; path = "Target Support Files/Pods-TopCarsXTests/Pods-TopCarsXTests.release.xcconfig"; sourceTree = "<group>"; };
		68FD7C71736608D7FB7DE4D6 /* Pods_TopCarsX_TopCarsXUITests.framework */ = {isa = PBXFileReference; explicitFileType = wrapper.framework; includeInIndex = 0; path = Pods_TopCarsX_TopCarsXUITests.framework; sourceTree = BUILT_PRODUCTS_DIR; };
		997DD90BFB600832BF2B7B6D /* Pods-TopCarsX-TopCarsXUITests.debug.xcconfig */ = {isa = PBXFileReference; includeInIndex = 1; lastKnownFileType = text.xcconfig; name = "Pods-TopCarsX-TopCarsXUITests.debug.xcconfig"; path = "Target Support Files/Pods-TopCarsX-TopCarsXUITests/Pods-TopCarsX-TopCarsXUITests.debug.xcconfig"; sourceTree = "<group>"; };
		ECFE7E94D60B6D162D7283FB /* Pods_TopCarsX.framework */ = {isa = PBXFileReference; explicitFileType = wrapper.framework; includeInIndex = 0; path = Pods_TopCarsX.framework; sourceTree = BUILT_PRODUCTS_DIR; };
/* End PBXFileReference section */

/* Begin PBXFrameworksBuildPhase section */
		277F6571287BF7690086C383 /* Frameworks */ = {
			isa = PBXFrameworksBuildPhase;
			buildActionMask = 2147483647;
			files = (
				A8CC9D763FCB37BF4964615D /* Pods_TopCarsX.framework in Frameworks */,
			);
			runOnlyForDeploymentPostprocessing = 0;
		};
		277F658C287BF76B0086C383 /* Frameworks */ = {
			isa = PBXFrameworksBuildPhase;
			buildActionMask = 2147483647;
			files = (
				AF2B9DA8F3C373B3D8D16D9E /* Pods_TopCarsXTests.framework in Frameworks */,
			);
			runOnlyForDeploymentPostprocessing = 0;
		};
		277F6596287BF76B0086C383 /* Frameworks */ = {
			isa = PBXFrameworksBuildPhase;
			buildActionMask = 2147483647;
			files = (
				DA34F1C319A522753D41D1A4 /* Pods_TopCarsX_TopCarsXUITests.framework in Frameworks */,
			);
			runOnlyForDeploymentPostprocessing = 0;
		};
/* End PBXFrameworksBuildPhase section */

/* Begin PBXGroup section */
		277F656B287BF7690086C383 = {
			isa = PBXGroup;
			children = (
				277F6576287BF7690086C383 /* TopCarsX */,
				277F6592287BF76B0086C383 /* TopCarsXTests */,
				277F659C287BF76B0086C383 /* TopCarsXUITests */,
				277F6575287BF7690086C383 /* Products */,
				3DCBDA09BD750BC451E70C87 /* Pods */,
				D3B67DE0D5AE35442A2FA97D /* Frameworks */,
			);
			sourceTree = "<group>";
		};
		277F6575287BF7690086C383 /* Products */ = {
			isa = PBXGroup;
			children = (
				277F6574287BF7690086C383 /* TopCarsX.app */,
				277F658F287BF76B0086C383 /* TopCarsXTests.xctest */,
				277F6599287BF76B0086C383 /* TopCarsXUITests.xctest */,
			);
			name = Products;
			sourceTree = "<group>";
		};
		277F6576287BF7690086C383 /* TopCarsX */ = {
			isa = PBXGroup;
			children = (
				277F65B1287C27E30086C383 /* GoogleService-Info.plist */,
				277F6577287BF7690086C383 /* AppDelegate.h */,
				277F6578287BF7690086C383 /* AppDelegate.m */,
				277F657A287BF7690086C383 /* SceneDelegate.h */,
				277F657B287BF7690086C383 /* SceneDelegate.m */,
				277F6580287BF7690086C383 /* Main.storyboard */,
				27A3EA9F2892E3850081E215 /* User.h */,
				27A3EAA02892E3850081E215 /* User.m */,
				27A3EAA52892ED160081E215 /* UserTableViewController.h */,
				27A3EAA62892ED160081E215 /* UserTableViewController.m */,
				27B66993288D7C640067EF2B /* Car.h */,
				27B66994288D7C640067EF2B /* Car.m */,
				27B66999288DA7BE0067EF2B /* CarsTableViewController.h */,
				27B6699A288DA7BE0067EF2B /* CarsTableViewController.m */,
				27B6699C288DAFE00067EF2B /* CarsTableViewCell.h */,
				27B6699D288DAFE00067EF2B /* CarsTableViewCell.m */,
				277F657D287BF7690086C383 /* CarViewController.h */,
				277F657E287BF7690086C383 /* CarViewController.m */,
				27B0C7242895313700A16A3B /* CarDetailsTableViewController.h */,
				27B0C7252895313700A16A3B /* CarDetailsTableViewController.m */,
				273A82EC28918F4700ABF1A8 /* CarsCollectionViewController.h */,
				273A82ED28918F4700ABF1A8 /* CarsCollectionViewController.m */,
				273A82EF289190A300ABF1A8 /* CarsCollectionViewCell.h */,
				273A82F0289190A300ABF1A8 /* CarsCollectionViewCell.m */,
				277F6583287BF76A0086C383 /* Assets.xcassets */,
				277F6585287BF76A0086C383 /* LaunchScreen.storyboard */,
				277F6588287BF76A0086C383 /* Info.plist */,
				277F6589287BF76A0086C383 /* main.m */,
			);
			path = TopCarsX;
			sourceTree = "<group>";
		};
		277F6592287BF76B0086C383 /* TopCarsXTests */ = {
			isa = PBXGroup;
			children = (
				277F6593287BF76B0086C383 /* TopCarsXTests.m */,
			);
			path = TopCarsXTests;
			sourceTree = "<group>";
		};
		277F659C287BF76B0086C383 /* TopCarsXUITests */ = {
			isa = PBXGroup;
			children = (
				277F659D287BF76B0086C383 /* TopCarsXUITests.m */,
				277F659F287BF76B0086C383 /* TopCarsXUITestsLaunchTests.m */,
			);
			path = TopCarsXUITests;
			sourceTree = "<group>";
		};
		3DCBDA09BD750BC451E70C87 /* Pods */ = {
			isa = PBXGroup;
			children = (
				3C57CAC1B0C7A0950B70CE11 /* Pods-TopCarsX.debug.xcconfig */,
				39A75ACBA14CD064D7927CFB /* Pods-TopCarsX.release.xcconfig */,
				997DD90BFB600832BF2B7B6D /* Pods-TopCarsX-TopCarsXUITests.debug.xcconfig */,
				06AE533A2289968D0CC2B00E /* Pods-TopCarsX-TopCarsXUITests.release.xcconfig */,
				0FD0AAF5680EE65EA7EA1994 /* Pods-TopCarsXTests.debug.xcconfig */,
				6429987EB2770AF6C2177C82 /* Pods-TopCarsXTests.release.xcconfig */,
			);
			path = Pods;
			sourceTree = "<group>";
		};
		D3B67DE0D5AE35442A2FA97D /* Frameworks */ = {
			isa = PBXGroup;
			children = (
				ECFE7E94D60B6D162D7283FB /* Pods_TopCarsX.framework */,
				68FD7C71736608D7FB7DE4D6 /* Pods_TopCarsX_TopCarsXUITests.framework */,
				5FAC3CEEDC44E20D0DC691AC /* Pods_TopCarsXTests.framework */,
			);
			name = Frameworks;
			sourceTree = "<group>";
		};
/* End PBXGroup section */

/* Begin PBXNativeTarget section */
		277F6573287BF7690086C383 /* TopCarsX */ = {
			isa = PBXNativeTarget;
			buildConfigurationList = 277F65A3287BF76B0086C383 /* Build configuration list for PBXNativeTarget "TopCarsX" */;
			buildPhases = (
				ADAB5368A6C90D7C8EEF1616 /* [CP] Check Pods Manifest.lock */,
				277F6570287BF7690086C383 /* Sources */,
				277F6571287BF7690086C383 /* Frameworks */,
				277F6572287BF7690086C383 /* Resources */,
				380FC3C2E5D5B4A022253FFA /* [CP] Embed Pods Frameworks */,
			);
			buildRules = (
			);
			dependencies = (
			);
			name = TopCarsX;
			productName = TopCarsX;
			productReference = 277F6574287BF7690086C383 /* TopCarsX.app */;
			productType = "com.apple.product-type.application";
		};
		277F658E287BF76B0086C383 /* TopCarsXTests */ = {
			isa = PBXNativeTarget;
			buildConfigurationList = 277F65A6287BF76B0086C383 /* Build configuration list for PBXNativeTarget "TopCarsXTests" */;
			buildPhases = (
				1F659B65818004C1DEA8A1D9 /* [CP] Check Pods Manifest.lock */,
				277F658B287BF76B0086C383 /* Sources */,
				277F658C287BF76B0086C383 /* Frameworks */,
				277F658D287BF76B0086C383 /* Resources */,
			);
			buildRules = (
			);
			dependencies = (
				277F6591287BF76B0086C383 /* PBXTargetDependency */,
			);
			name = TopCarsXTests;
			productName = TopCarsXTests;
			productReference = 277F658F287BF76B0086C383 /* TopCarsXTests.xctest */;
			productType = "com.apple.product-type.bundle.unit-test";
		};
		277F6598287BF76B0086C383 /* TopCarsXUITests */ = {
			isa = PBXNativeTarget;
			buildConfigurationList = 277F65A9287BF76B0086C383 /* Build configuration list for PBXNativeTarget "TopCarsXUITests" */;
			buildPhases = (
				61EEB86908BA4181ACED5A0D /* [CP] Check Pods Manifest.lock */,
				277F6595287BF76B0086C383 /* Sources */,
				277F6596287BF76B0086C383 /* Frameworks */,
				277F6597287BF76B0086C383 /* Resources */,
				8D0F33718CC294131E67F342 /* [CP] Embed Pods Frameworks */,
			);
			buildRules = (
			);
			dependencies = (
				277F659B287BF76B0086C383 /* PBXTargetDependency */,
			);
			name = TopCarsXUITests;
			productName = TopCarsXUITests;
			productReference = 277F6599287BF76B0086C383 /* TopCarsXUITests.xctest */;
			productType = "com.apple.product-type.bundle.ui-testing";
		};
/* End PBXNativeTarget section */

/* Begin PBXProject section */
		277F656C287BF7690086C383 /* Project object */ = {
			isa = PBXProject;
			attributes = {
				BuildIndependentTargetsInParallel = 1;
				LastUpgradeCheck = 1340;
				TargetAttributes = {
					277F6573287BF7690086C383 = {
						CreatedOnToolsVersion = 13.4.1;
					};
					277F658E287BF76B0086C383 = {
						CreatedOnToolsVersion = 13.4.1;
						TestTargetID = 277F6573287BF7690086C383;
					};
					277F6598287BF76B0086C383 = {
						CreatedOnToolsVersion = 13.4.1;
						TestTargetID = 277F6573287BF7690086C383;
					};
				};
			};
			buildConfigurationList = 277F656F287BF7690086C383 /* Build configuration list for PBXProject "TopCarsX" */;
			compatibilityVersion = "Xcode 13.0";
			developmentRegion = en;
			hasScannedForEncodings = 0;
			knownRegions = (
				en,
				Base,
			);
			mainGroup = 277F656B287BF7690086C383;
			productRefGroup = 277F6575287BF7690086C383 /* Products */;
			projectDirPath = "";
			projectRoot = "";
			targets = (
				277F6573287BF7690086C383 /* TopCarsX */,
				277F658E287BF76B0086C383 /* TopCarsXTests */,
				277F6598287BF76B0086C383 /* TopCarsXUITests */,
			);
		};
/* End PBXProject section */

/* Begin PBXResourcesBuildPhase section */
		277F6572287BF7690086C383 /* Resources */ = {
			isa = PBXResourcesBuildPhase;
			buildActionMask = 2147483647;
			files = (
				277F6587287BF76A0086C383 /* LaunchScreen.storyboard in Resources */,
				277F65B2287C27E30086C383 /* GoogleService-Info.plist in Resources */,
				277F6584287BF76A0086C383 /* Assets.xcassets in Resources */,
				277F6582287BF7690086C383 /* Main.storyboard in Resources */,
			);
			runOnlyForDeploymentPostprocessing = 0;
		};
		277F658D287BF76B0086C383 /* Resources */ = {
			isa = PBXResourcesBuildPhase;
			buildActionMask = 2147483647;
			files = (
			);
			runOnlyForDeploymentPostprocessing = 0;
		};
		277F6597287BF76B0086C383 /* Resources */ = {
			isa = PBXResourcesBuildPhase;
			buildActionMask = 2147483647;
			files = (
			);
			runOnlyForDeploymentPostprocessing = 0;
		};
/* End PBXResourcesBuildPhase section */

/* Begin PBXShellScriptBuildPhase section */
		1F659B65818004C1DEA8A1D9 /* [CP] Check Pods Manifest.lock */ = {
			isa = PBXShellScriptBuildPhase;
			buildActionMask = 2147483647;
			files = (
			);
			inputFileListPaths = (
			);
			inputPaths = (
				"${PODS_PODFILE_DIR_PATH}/Podfile.lock",
				"${PODS_ROOT}/Manifest.lock",
			);
			name = "[CP] Check Pods Manifest.lock";
			outputFileListPaths = (
			);
			outputPaths = (
				"$(DERIVED_FILE_DIR)/Pods-TopCarsXTests-checkManifestLockResult.txt",
			);
			runOnlyForDeploymentPostprocessing = 0;
			shellPath = /bin/sh;
			shellScript = "diff \"${PODS_PODFILE_DIR_PATH}/Podfile.lock\" \"${PODS_ROOT}/Manifest.lock\" > /dev/null\nif [ $? != 0 ] ; then\n    # print error to STDERR\n    echo \"error: The sandbox is not in sync with the Podfile.lock. Run 'pod install' or update your CocoaPods installation.\" >&2\n    exit 1\nfi\n# This output is used by Xcode 'outputs' to avoid re-running this script phase.\necho \"SUCCESS\" > \"${SCRIPT_OUTPUT_FILE_0}\"\n";
			showEnvVarsInLog = 0;
		};
		380FC3C2E5D5B4A022253FFA /* [CP] Embed Pods Frameworks */ = {
			isa = PBXShellScriptBuildPhase;
			buildActionMask = 2147483647;
			files = (
			);
			inputFileListPaths = (
				"${PODS_ROOT}/Target Support Files/Pods-TopCarsX/Pods-TopCarsX-frameworks-${CONFIGURATION}-input-files.xcfilelist",
			);
			name = "[CP] Embed Pods Frameworks";
			outputFileListPaths = (
				"${PODS_ROOT}/Target Support Files/Pods-TopCarsX/Pods-TopCarsX-frameworks-${CONFIGURATION}-output-files.xcfilelist",
			);
			runOnlyForDeploymentPostprocessing = 0;
			shellPath = /bin/sh;
			shellScript = "\"${PODS_ROOT}/Target Support Files/Pods-TopCarsX/Pods-TopCarsX-frameworks.sh\"\n";
			showEnvVarsInLog = 0;
		};
		61EEB86908BA4181ACED5A0D /* [CP] Check Pods Manifest.lock */ = {
			isa = PBXShellScriptBuildPhase;
			buildActionMask = 2147483647;
			files = (
			);
			inputFileListPaths = (
			);
			inputPaths = (
				"${PODS_PODFILE_DIR_PATH}/Podfile.lock",
				"${PODS_ROOT}/Manifest.lock",
			);
			name = "[CP] Check Pods Manifest.lock";
			outputFileListPaths = (
			);
			outputPaths = (
				"$(DERIVED_FILE_DIR)/Pods-TopCarsX-TopCarsXUITests-checkManifestLockResult.txt",
			);
			runOnlyForDeploymentPostprocessing = 0;
			shellPath = /bin/sh;
			shellScript = "diff \"${PODS_PODFILE_DIR_PATH}/Podfile.lock\" \"${PODS_ROOT}/Manifest.lock\" > /dev/null\nif [ $? != 0 ] ; then\n    # print error to STDERR\n    echo \"error: The sandbox is not in sync with the Podfile.lock. Run 'pod install' or update your CocoaPods installation.\" >&2\n    exit 1\nfi\n# This output is used by Xcode 'outputs' to avoid re-running this script phase.\necho \"SUCCESS\" > \"${SCRIPT_OUTPUT_FILE_0}\"\n";
			showEnvVarsInLog = 0;
		};
		8D0F33718CC294131E67F342 /* [CP] Embed Pods Frameworks */ = {
			isa = PBXShellScriptBuildPhase;
			buildActionMask = 2147483647;
			files = (
			);
			inputFileListPaths = (
				"${PODS_ROOT}/Target Support Files/Pods-TopCarsX-TopCarsXUITests/Pods-TopCarsX-TopCarsXUITests-frameworks-${CONFIGURATION}-input-files.xcfilelist",
			);
			name = "[CP] Embed Pods Frameworks";
			outputFileListPaths = (
				"${PODS_ROOT}/Target Support Files/Pods-TopCarsX-TopCarsXUITests/Pods-TopCarsX-TopCarsXUITests-frameworks-${CONFIGURATION}-output-files.xcfilelist",
			);
			runOnlyForDeploymentPostprocessing = 0;
			shellPath = /bin/sh;
			shellScript = "\"${PODS_ROOT}/Target Support Files/Pods-TopCarsX-TopCarsXUITests/Pods-TopCarsX-TopCarsXUITests-frameworks.sh\"\n";
			showEnvVarsInLog = 0;
		};
		ADAB5368A6C90D7C8EEF1616 /* [CP] Check Pods Manifest.lock */ = {
			isa = PBXShellScriptBuildPhase;
			buildActionMask = 2147483647;
			files = (
			);
			inputFileListPaths = (
			);
			inputPaths = (
				"${PODS_PODFILE_DIR_PATH}/Podfile.lock",
				"${PODS_ROOT}/Manifest.lock",
			);
			name = "[CP] Check Pods Manifest.lock";
			outputFileListPaths = (
			);
			outputPaths = (
				"$(DERIVED_FILE_DIR)/Pods-TopCarsX-checkManifestLockResult.txt",
			);
			runOnlyForDeploymentPostprocessing = 0;
			shellPath = /bin/sh;
			shellScript = "diff \"${PODS_PODFILE_DIR_PATH}/Podfile.lock\" \"${PODS_ROOT}/Manifest.lock\" > /dev/null\nif [ $? != 0 ] ; then\n    # print error to STDERR\n    echo \"error: The sandbox is not in sync with the Podfile.lock. Run 'pod install' or update your CocoaPods installation.\" >&2\n    exit 1\nfi\n# This output is used by Xcode 'outputs' to avoid re-running this script phase.\necho \"SUCCESS\" > \"${SCRIPT_OUTPUT_FILE_0}\"\n";
			showEnvVarsInLog = 0;
		};
/* End PBXShellScriptBuildPhase section */

/* Begin PBXSourcesBuildPhase section */
		277F6570287BF7690086C383 /* Sources */ = {
			isa = PBXSourcesBuildPhase;
			buildActionMask = 2147483647;
			files = (
				27A3EAA12892E3850081E215 /* User.m in Sources */,
				27B6699B288DA7BE0067EF2B /* CarsTableViewController.m in Sources */,
				27B66995288D7C640067EF2B /* Car.m in Sources */,
				27B6699E288DAFE00067EF2B /* CarsTableViewCell.m in Sources */,
				277F657F287BF7690086C383 /* CarViewController.m in Sources */,
				277F6579287BF7690086C383 /* AppDelegate.m in Sources */,
				273A82EE28918F4700ABF1A8 /* CarsCollectionViewController.m in Sources */,
				277F658A287BF76A0086C383 /* main.m in Sources */,
				273A82F1289190A300ABF1A8 /* CarsCollectionViewCell.m in Sources */,
				27B0C7262895313700A16A3B /* CarDetailsTableViewController.m in Sources */,
				277F657C287BF7690086C383 /* SceneDelegate.m in Sources */,
				27A3EAA72892ED160081E215 /* UserTableViewController.m in Sources */,
			);
			runOnlyForDeploymentPostprocessing = 0;
		};
		277F658B287BF76B0086C383 /* Sources */ = {
			isa = PBXSourcesBuildPhase;
			buildActionMask = 2147483647;
			files = (
				277F6594287BF76B0086C383 /* TopCarsXTests.m in Sources */,
			);
			runOnlyForDeploymentPostprocessing = 0;
		};
		277F6595287BF76B0086C383 /* Sources */ = {
			isa = PBXSourcesBuildPhase;
			buildActionMask = 2147483647;
			files = (
				277F65A0287BF76B0086C383 /* TopCarsXUITestsLaunchTests.m in Sources */,
				277F659E287BF76B0086C383 /* TopCarsXUITests.m in Sources */,
			);
			runOnlyForDeploymentPostprocessing = 0;
		};
/* End PBXSourcesBuildPhase section */

/* Begin PBXTargetDependency section */
		277F6591287BF76B0086C383 /* PBXTargetDependency */ = {
			isa = PBXTargetDependency;
			target = 277F6573287BF7690086C383 /* TopCarsX */;
			targetProxy = 277F6590287BF76B0086C383 /* PBXContainerItemProxy */;
		};
		277F659B287BF76B0086C383 /* PBXTargetDependency */ = {
			isa = PBXTargetDependency;
			target = 277F6573287BF7690086C383 /* TopCarsX */;
			targetProxy = 277F659A287BF76B0086C383 /* PBXContainerItemProxy */;
		};
/* End PBXTargetDependency section */

/* Begin PBXVariantGroup section */
		277F6580287BF7690086C383 /* Main.storyboard */ = {
			isa = PBXVariantGroup;
			children = (
				277F6581287BF7690086C383 /* Base */,
			);
			name = Main.storyboard;
			sourceTree = "<group>";
		};
		277F6585287BF76A0086C383 /* LaunchScreen.storyboard */ = {
			isa = PBXVariantGroup;
			children = (
				277F6586287BF76A0086C383 /* Base */,
			);
			name = LaunchScreen.storyboard;
			sourceTree = "<group>";
		};
/* End PBXVariantGroup section */

/* Begin XCBuildConfiguration section */
		277F65A1287BF76B0086C383 /* Debug */ = {
			isa = XCBuildConfiguration;
			buildSettings = {
				ALWAYS_SEARCH_USER_PATHS = NO;
				CLANG_ANALYZER_NONNULL = YES;
				CLANG_ANALYZER_NUMBER_OBJECT_CONVERSION = YES_AGGRESSIVE;
				CLANG_CXX_LANGUAGE_STANDARD = "gnu++17";
				CLANG_ENABLE_MODULES = YES;
				CLANG_ENABLE_OBJC_ARC = YES;
				CLANG_ENABLE_OBJC_WEAK = YES;
				CLANG_WARN_BLOCK_CAPTURE_AUTORELEASING = YES;
				CLANG_WARN_BOOL_CONVERSION = YES;
				CLANG_WARN_COMMA = YES;
				CLANG_WARN_CONSTANT_CONVERSION = YES;
				CLANG_WARN_DEPRECATED_OBJC_IMPLEMENTATIONS = YES;
				CLANG_WARN_DIRECT_OBJC_ISA_USAGE = YES_ERROR;
				CLANG_WARN_DOCUMENTATION_COMMENTS = YES;
				CLANG_WARN_EMPTY_BODY = YES;
				CLANG_WARN_ENUM_CONVERSION = YES;
				CLANG_WARN_INFINITE_RECURSION = YES;
				CLANG_WARN_INT_CONVERSION = YES;
				CLANG_WARN_NON_LITERAL_NULL_CONVERSION = YES;
				CLANG_WARN_OBJC_IMPLICIT_RETAIN_SELF = YES;
				CLANG_WARN_OBJC_LITERAL_CONVERSION = YES;
				CLANG_WARN_OBJC_ROOT_CLASS = YES_ERROR;
				CLANG_WARN_QUOTED_INCLUDE_IN_FRAMEWORK_HEADER = YES;
				CLANG_WARN_RANGE_LOOP_ANALYSIS = YES;
				CLANG_WARN_STRICT_PROTOTYPES = YES;
				CLANG_WARN_SUSPICIOUS_MOVE = YES;
				CLANG_WARN_UNGUARDED_AVAILABILITY = YES_AGGRESSIVE;
				CLANG_WARN_UNREACHABLE_CODE = YES;
				CLANG_WARN__DUPLICATE_METHOD_MATCH = YES;
				COPY_PHASE_STRIP = NO;
				DEBUG_INFORMATION_FORMAT = dwarf;
				ENABLE_STRICT_OBJC_MSGSEND = YES;
				ENABLE_TESTABILITY = YES;
				GCC_C_LANGUAGE_STANDARD = gnu11;
				GCC_DYNAMIC_NO_PIC = NO;
				GCC_NO_COMMON_BLOCKS = YES;
				GCC_OPTIMIZATION_LEVEL = 0;
				GCC_PREPROCESSOR_DEFINITIONS = (
					"DEBUG=1",
					"$(inherited)",
				);
				GCC_WARN_64_TO_32_BIT_CONVERSION = YES;
				GCC_WARN_ABOUT_RETURN_TYPE = YES_ERROR;
				GCC_WARN_UNDECLARED_SELECTOR = YES;
				GCC_WARN_UNINITIALIZED_AUTOS = YES_AGGRESSIVE;
				GCC_WARN_UNUSED_FUNCTION = YES;
				GCC_WARN_UNUSED_VARIABLE = YES;
				IPHONEOS_DEPLOYMENT_TARGET = 15.5;
				MTL_ENABLE_DEBUG_INFO = INCLUDE_SOURCE;
				MTL_FAST_MATH = YES;
				ONLY_ACTIVE_ARCH = YES;
				SDKROOT = iphoneos;
			};
			name = Debug;
		};
		277F65A2287BF76B0086C383 /* Release */ = {
			isa = XCBuildConfiguration;
			buildSettings = {
				ALWAYS_SEARCH_USER_PATHS = NO;
				CLANG_ANALYZER_NONNULL = YES;
				CLANG_ANALYZER_NUMBER_OBJECT_CONVERSION = YES_AGGRESSIVE;
				CLANG_CXX_LANGUAGE_STANDARD = "gnu++17";
				CLANG_ENABLE_MODULES = YES;
				CLANG_ENABLE_OBJC_ARC = YES;
				CLANG_ENABLE_OBJC_WEAK = YES;
				CLANG_WARN_BLOCK_CAPTURE_AUTORELEASING = YES;
				CLANG_WARN_BOOL_CONVERSION = YES;
				CLANG_WARN_COMMA = YES;
				CLANG_WARN_CONSTANT_CONVERSION = YES;
				CLANG_WARN_DEPRECATED_OBJC_IMPLEMENTATIONS = YES;
				CLANG_WARN_DIRECT_OBJC_ISA_USAGE = YES_ERROR;
				CLANG_WARN_DOCUMENTATION_COMMENTS = YES;
				CLANG_WARN_EMPTY_BODY = YES;
				CLANG_WARN_ENUM_CONVERSION = YES;
				CLANG_WARN_INFINITE_RECURSION = YES;
				CLANG_WARN_INT_CONVERSION = YES;
				CLANG_WARN_NON_LITERAL_NULL_CONVERSION = YES;
				CLANG_WARN_OBJC_IMPLICIT_RETAIN_SELF = YES;
				CLANG_WARN_OBJC_LITERAL_CONVERSION = YES;
				CLANG_WARN_OBJC_ROOT_CLASS = YES_ERROR;
				CLANG_WARN_QUOTED_INCLUDE_IN_FRAMEWORK_HEADER = YES;
				CLANG_WARN_RANGE_LOOP_ANALYSIS = YES;
				CLANG_WARN_STRICT_PROTOTYPES = YES;
				CLANG_WARN_SUSPICIOUS_MOVE = YES;
				CLANG_WARN_UNGUARDED_AVAILABILITY = YES_AGGRESSIVE;
				CLANG_WARN_UNREACHABLE_CODE = YES;
				CLANG_WARN__DUPLICATE_METHOD_MATCH = YES;
				COPY_PHASE_STRIP = NO;
				DEBUG_INFORMATION_FORMAT = "dwarf-with-dsym";
				ENABLE_NS_ASSERTIONS = NO;
				ENABLE_STRICT_OBJC_MSGSEND = YES;
				GCC_C_LANGUAGE_STANDARD = gnu11;
				GCC_NO_COMMON_BLOCKS = YES;
				GCC_WARN_64_TO_32_BIT_CONVERSION = YES;
				GCC_WARN_ABOUT_RETURN_TYPE = YES_ERROR;
				GCC_WARN_UNDECLARED_SELECTOR = YES;
				GCC_WARN_UNINITIALIZED_AUTOS = YES_AGGRESSIVE;
				GCC_WARN_UNUSED_FUNCTION = YES;
				GCC_WARN_UNUSED_VARIABLE = YES;
				IPHONEOS_DEPLOYMENT_TARGET = 15.5;
				MTL_ENABLE_DEBUG_INFO = NO;
				MTL_FAST_MATH = YES;
				SDKROOT = iphoneos;
				VALIDATE_PRODUCT = YES;
			};
			name = Release;
		};
		277F65A4287BF76B0086C383 /* Debug */ = {
			isa = XCBuildConfiguration;
			baseConfigurationReference = 3C57CAC1B0C7A0950B70CE11 /* Pods-TopCarsX.debug.xcconfig */;
			buildSettings = {
				ASSETCATALOG_COMPILER_APPICON_NAME = AppIcon;
				ASSETCATALOG_COMPILER_GLOBAL_ACCENT_COLOR_NAME = AccentColor;
				CODE_SIGN_STYLE = Automatic;
				CURRENT_PROJECT_VERSION = 1;
				GENERATE_INFOPLIST_FILE = YES;
				INFOPLIST_FILE = TopCarsX/Info.plist;
				INFOPLIST_KEY_UIApplicationSupportsIndirectInputEvents = YES;
				INFOPLIST_KEY_UILaunchStoryboardName = LaunchScreen;
				INFOPLIST_KEY_UIMainStoryboardFile = Main;
				INFOPLIST_KEY_UISupportedInterfaceOrientations_iPad = "UIInterfaceOrientationPortrait UIInterfaceOrientationPortraitUpsideDown UIInterfaceOrientationLandscapeLeft UIInterfaceOrientationLandscapeRight";
				INFOPLIST_KEY_UISupportedInterfaceOrientations_iPhone = "UIInterfaceOrientationPortrait UIInterfaceOrientationLandscapeLeft UIInterfaceOrientationLandscapeRight";
				LD_RUNPATH_SEARCH_PATHS = (
					"$(inherited)",
					"@executable_path/Frameworks",
				);
				MARKETING_VERSION = 1.0;
				PRODUCT_BUNDLE_IDENTIFIER = com.artistry.multimedia.TopCarsX;
				PRODUCT_NAME = "$(TARGET_NAME)";
				SWIFT_EMIT_LOC_STRINGS = YES;
				TARGETED_DEVICE_FAMILY = "1,2";
			};
			name = Debug;
		};
		277F65A5287BF76B0086C383 /* Release */ = {
			isa = XCBuildConfiguration;
			baseConfigurationReference = 39A75ACBA14CD064D7927CFB /* Pods-TopCarsX.release.xcconfig */;
			buildSettings = {
				ASSETCATALOG_COMPILER_APPICON_NAME = AppIcon;
				ASSETCATALOG_COMPILER_GLOBAL_ACCENT_COLOR_NAME = AccentColor;
				CODE_SIGN_STYLE = Automatic;
				CURRENT_PROJECT_VERSION = 1;
				GENERATE_INFOPLIST_FILE = YES;
				INFOPLIST_FILE = TopCarsX/Info.plist;
				INFOPLIST_KEY_UIApplicationSupportsIndirectInputEvents = YES;
				INFOPLIST_KEY_UILaunchStoryboardName = LaunchScreen;
				INFOPLIST_KEY_UIMainStoryboardFile = Main;
				INFOPLIST_KEY_UISupportedInterfaceOrientations_iPad = "UIInterfaceOrientationPortrait UIInterfaceOrientationPortraitUpsideDown UIInterfaceOrientationLandscapeLeft UIInterfaceOrientationLandscapeRight";
				INFOPLIST_KEY_UISupportedInterfaceOrientations_iPhone = "UIInterfaceOrientationPortrait UIInterfaceOrientationLandscapeLeft UIInterfaceOrientationLandscapeRight";
				LD_RUNPATH_SEARCH_PATHS = (
					"$(inherited)",
					"@executable_path/Frameworks",
				);
				MARKETING_VERSION = 1.0;
				PRODUCT_BUNDLE_IDENTIFIER = com.artistry.multimedia.TopCarsX;
				PRODUCT_NAME = "$(TARGET_NAME)";
				SWIFT_EMIT_LOC_STRINGS = YES;
				TARGETED_DEVICE_FAMILY = "1,2";
			};
			name = Release;
		};
		277F65A7287BF76B0086C383 /* Debug */ = {
			isa = XCBuildConfiguration;
			baseConfigurationReference = 0FD0AAF5680EE65EA7EA1994 /* Pods-TopCarsXTests.debug.xcconfig */;
			buildSettings = {
				BUNDLE_LOADER = "$(TEST_HOST)";
				CODE_SIGN_STYLE = Automatic;
				CURRENT_PROJECT_VERSION = 1;
				GENERATE_INFOPLIST_FILE = YES;
				IPHONEOS_DEPLOYMENT_TARGET = 15.5;
				MARKETING_VERSION = 1.0;
				PRODUCT_BUNDLE_IDENTIFIER = com.artistry.multimedia.TopCarsXTests;
				PRODUCT_NAME = "$(TARGET_NAME)";
				SWIFT_EMIT_LOC_STRINGS = NO;
				TARGETED_DEVICE_FAMILY = "1,2";
				TEST_HOST = "$(BUILT_PRODUCTS_DIR)/TopCarsX.app/TopCarsX";
			};
			name = Debug;
		};
		277F65A8287BF76B0086C383 /* Release */ = {
			isa = XCBuildConfiguration;
			baseConfigurationReference = 6429987EB2770AF6C2177C82 /* Pods-TopCarsXTests.release.xcconfig */;
			buildSettings = {
				BUNDLE_LOADER = "$(TEST_HOST)";
				CODE_SIGN_STYLE = Automatic;
				CURRENT_PROJECT_VERSION = 1;
				GENERATE_INFOPLIST_FILE = YES;
				IPHONEOS_DEPLOYMENT_TARGET = 15.5;
				MARKETING_VERSION = 1.0;
				PRODUCT_BUNDLE_IDENTIFIER = com.artistry.multimedia.TopCarsXTests;
				PRODUCT_NAME = "$(TARGET_NAME)";
				SWIFT_EMIT_LOC_STRINGS = NO;
				TARGETED_DEVICE_FAMILY = "1,2";
				TEST_HOST = "$(BUILT_PRODUCTS_DIR)/TopCarsX.app/TopCarsX";
			};
			name = Release;
		};
		277F65AA287BF76B0086C383 /* Debug */ = {
			isa = XCBuildConfiguration;
			baseConfigurationReference = 997DD90BFB600832BF2B7B6D /* Pods-TopCarsX-TopCarsXUITests.debug.xcconfig */;
			buildSettings = {
				CODE_SIGN_STYLE = Automatic;
				CURRENT_PROJECT_VERSION = 1;
				GENERATE_INFOPLIST_FILE = YES;
				MARKETING_VERSION = 1.0;
				PRODUCT_BUNDLE_IDENTIFIER = com.artistry.multimedia.TopCarsXUITests;
				PRODUCT_NAME = "$(TARGET_NAME)";
				SWIFT_EMIT_LOC_STRINGS = NO;
				TARGETED_DEVICE_FAMILY = "1,2";
				TEST_TARGET_NAME = TopCarsX;
			};
			name = Debug;
		};
		277F65AB287BF76B0086C383 /* Release */ = {
			isa = XCBuildConfiguration;
			baseConfigurationReference = 06AE533A2289968D0CC2B00E /* Pods-TopCarsX-TopCarsXUITests.release.xcconfig */;
			buildSettings = {
				CODE_SIGN_STYLE = Automatic;
				CURRENT_PROJECT_VERSION = 1;
				GENERATE_INFOPLIST_FILE = YES;
				MARKETING_VERSION = 1.0;
				PRODUCT_BUNDLE_IDENTIFIER = com.artistry.multimedia.TopCarsXUITests;
				PRODUCT_NAME = "$(TARGET_NAME)";
				SWIFT_EMIT_LOC_STRINGS = NO;
				TARGETED_DEVICE_FAMILY = "1,2";
				TEST_TARGET_NAME = TopCarsX;
			};
			name = Release;
		};
/* End XCBuildConfiguration section */

/* Begin XCConfigurationList section */
		277F656F287BF7690086C383 /* Build configuration list for PBXProject "TopCarsX" */ = {
			isa = XCConfigurationList;
			buildConfigurations = (
				277F65A1287BF76B0086C383 /* Debug */,
				277F65A2287BF76B0086C383 /* Release */,
			);
			defaultConfigurationIsVisible = 0;
			defaultConfigurationName = Release;
		};
		277F65A3287BF76B0086C383 /* Build configuration list for PBXNativeTarget "TopCarsX" */ = {
			isa = XCConfigurationList;
			buildConfigurations = (
				277F65A4287BF76B0086C383 /* Debug */,
				277F65A5287BF76B0086C383 /* Release */,
			);
			defaultConfigurationIsVisible = 0;
			defaultConfigurationName = Release;
		};
		277F65A6287BF76B0086C383 /* Build configuration list for PBXNativeTarget "TopCarsXTests" */ = {
			isa = XCConfigurationList;
			buildConfigurations = (
				277F65A7287BF76B0086C383 /* Debug */,
				277F65A8287BF76B0086C383 /* Release */,
			);
			defaultConfigurationIsVisible = 0;
			defaultConfigurationName = Release;
		};
		277F65A9287BF76B0086C383 /* Build configuration list for PBXNativeTarget "TopCarsXUITests" */ = {
			isa = XCConfigurationList;
			buildConfigurations = (
				277F65AA287BF76B0086C383 /* Debug */,
				277F65AB287BF76B0086C383 /* Release */,
			);
			defaultConfigurationIsVisible = 0;
			defaultConfigurationName = Release;
		};
/* End XCConfigurationList section */
	};
	rootObject = 277F656C287BF7690086C383 /* Project object */;
}
